
Microsoft Visual Studio Solution File, Format Version 12.00
# Visual Studio Version 17
VisualStudioVersion = 17.0.32112.339
MinimumVisualStudioVersion = 10.0.40219.1
Project("{9A19103F-16F7-4668-BE54-9A1E7A4F7556}") = "BulkyBookWeb", "BulkyBookWeb\BulkyBookWeb.csproj", "{C1A0594A-0AA8-4D2D-9097-EE64F2E8D6AA}"
EndProject
Project("{2150E333-8FDC-42A3-9474-1A3956D46DE8}") = "Solution Items", "Solution Items", "{590738CB-8E4B-468A-9CFF-7EBDEDABC95F}"
	ProjectSection(SolutionItems) = preProject
		.gitignore = .gitignore
	EndProjectSection
EndProject
Project("{FAE04EC0-301F-11D3-BF4B-00C04F79EFBC}") = "BulkyBook.Data", "BulkyBook.Data\BulkyBook.Data.csproj", "{B74C9D41-656C-40BE-AE7F-ECBA72A96981}"
EndProject
Project("{FAE04EC0-301F-11D3-BF4B-00C04F79EFBC}") = "BulkyBook.Models", "BulkyBook.Models\BulkyBook.Models.csproj", "{935EF421-E97F-41C2-A603-E6991D41DAC0}"
EndProject
Global
	GlobalSection(SolutionConfigurationPlatforms) = preSolution
		Debug|Any CPU = Debug|Any CPU
		Release|Any CPU = Release|Any CPU
	EndGlobalSection
	GlobalSection(ProjectConfigurationPlatforms) = postSolution
		{C1A0594A-0AA8-4D2D-9097-EE64F2E8D6AA}.Debug|Any CPU.ActiveCfg = Debug|Any CPU
		{C1A0594A-0AA8-4D2D-9097-EE64F2E8D6AA}.Debug|Any CPU.Build.0 = Debug|Any CPU
		{C1A0594A-0AA8-4D2D-9097-EE64F2E8D6AA}.Release|Any CPU.ActiveCfg = Release|Any CPU
		{C1A0594A-0AA8-4D2D-9097-EE64F2E8D6AA}.Release|Any CPU.Build.0 = Release|Any CPU
		{B74C9D41-656C-40BE-AE7F-ECBA72A96981}.Debug|Any CPU.ActiveCfg = Debug|Any CPU
		{B74C9D41-656C-40BE-AE7F-ECBA72A96981}.Debug|Any CPU.Build.0 = Debug|Any CPU
		{B74C9D41-656C-40BE-AE7F-ECBA72A96981}.Release|Any CPU.ActiveCfg = Release|Any CPU
		{B74C9D41-656C-40BE-AE7F-ECBA72A96981}.Release|Any CPU.Build.0 = Release|Any CPU
		{935EF421-E97F-41C2-A603-E6991D41DAC0}.Debug|Any CPU.ActiveCfg = Debug|Any CPU
		{935EF421-E97F-41C2-A603-E6991D41DAC0}.Debug|Any CPU.Build.0 = Debug|Any CPU
		{935EF421-E97F-41C2-A603-E6991D41DAC0}.Release|Any CPU.ActiveCfg = Release|Any CPU
		{935EF421-E97F-41C2-A603-E6991D41DAC0}.Release|Any CPU.Build.0 = Release|Any CPU
	EndGlobalSection
	GlobalSection(SolutionProperties) = preSolution
		HideSolutionNode = FALSE
	EndGlobalSection
	GlobalSection(ExtensibilityGlobals) = postSolution
		SolutionGuid = {7B8AA419-15E1-4D1C-8881-F88617645B2B}
	EndGlobalSection
EndGlobal
